
Microsoft Visual Studio Solution File, Format Version 12.00
# Visual Studio Version 17
VisualStudioVersion = 17.14.36511.14 d17.14
MinimumVisualStudioVersion = 10.0.40219.1
Project("{FAE04EC0-301F-11D3-BF4B-00C04F79EFBC}") = "Web.Host.Test", "Web.Host.Test\Web.Host.Test.csproj", "{D8D9D172-B297-4F2E-B5F7-17FDF99EBCC3}"
EndProject
Project("{FAE04EC0-301F-11D3-BF4B-00C04F79EFBC}") = "Web.Host", "Web.Host\Web.Host.csproj", "{B4DA78AE-DD41-45BC-B280-86585E1759F1}"
EndProject
Global
	GlobalSection(SolutionConfigurationPlatforms) = preSolution
		Debug|Any CPU = Debug|Any CPU
		Release|Any CPU = Release|Any CPU
	EndGlobalSection
	GlobalSection(ProjectConfigurationPlatforms) = postSolution
		{D8D9D172-B297-4F2E-B5F7-17FDF99EBCC3}.Debug|Any CPU.ActiveCfg = Debug|Any CPU
		{D8D9D172-B297-4F2E-B5F7-17FDF99EBCC3}.Debug|Any CPU.Build.0 = Debug|Any CPU
		{D8D9D172-B297-4F2E-B5F7-17FDF99EBCC3}.Release|Any CPU.ActiveCfg = Release|Any CPU
		{D8D9D172-B297-4F2E-B5F7-17FDF99EBCC3}.Release|Any CPU.Build.0 = Release|Any CPU
		{B4DA78AE-DD41-45BC-B280-86585E1759F1}.Debug|Any CPU.ActiveCfg = Debug|Any CPU
		{B4DA78AE-DD41-45BC-B280-86585E1759F1}.Debug|Any CPU.Build.0 = Debug|Any CPU
		{B4DA78AE-DD41-45BC-B280-86585E1759F1}.Release|Any CPU.ActiveCfg = Release|Any CPU
		{B4DA78AE-DD41-45BC-B280-86585E1759F1}.Release|Any CPU.Build.0 = Release|Any CPU
	EndGlobalSection
	GlobalSection(SolutionProperties) = preSolution
		HideSolutionNode = FALSE
	EndGlobalSection
	GlobalSection(ExtensibilityGlobals) = postSolution
		SolutionGuid = {A23CAB20-627D-48C3-A355-33D77357E8B2}
	EndGlobalSection
EndGlobal
